
Microsoft Visual Studio Solution File, Format Version 12.00
# Visual Studio Version 17
VisualStudioVersion = 17.11.35312.102
MinimumVisualStudioVersion = 10.0.40219.1
Project("{FAE04EC0-301F-11D3-BF4B-00C04F79EFBC}") = "EmployeeManagement", "EmployeeManagement.csproj", "{C536F357-0922-4BA1-B10C-CB6B36018978}"
EndProject
Global
	GlobalSection(SolutionConfigurationPlatforms) = preSolution
		Debug|Any CPU = Debug|Any CPU
		Release|Any CPU = Release|Any CPU
	EndGlobalSection
	GlobalSection(ProjectConfigurationPlatforms) = postSolution
		{C536F357-0922-4BA1-B10C-CB6B36018978}.Debug|Any CPU.ActiveCfg = Debug|Any CPU
		{C536F357-0922-4BA1-B10C-CB6B36018978}.Debug|Any CPU.Build.0 = Debug|Any CPU
		{C536F357-0922-4BA1-B10C-CB6B36018978}.Release|Any CPU.ActiveCfg = Release|Any CPU
		{C536F357-0922-4BA1-B10C-CB6B36018978}.Release|Any CPU.Build.0 = Release|Any CPU
	EndGlobalSection
	GlobalSection(SolutionProperties) = preSolution
		HideSolutionNode = FALSE
	EndGlobalSection
	GlobalSection(ExtensibilityGlobals) = postSolution
		SolutionGuid = {AE9F9B54-7D51-47B0-A2D6-67C8D284A523}
	EndGlobalSection
EndGlobal
